{
  "requires": true,
  "lockfileVersion": 1,
  "dependencies": {
    "animate.css": {
      "version": "4.1.1",
      "resolved": "https://registry.npmjs.org/animate.css/-/animate.css-4.1.1.tgz",
      "integrity": "sha512-+mRmCTv6SbCmtYJCN4faJMNFVNN5EuCTTprDTAo7YzIGji2KADmakjVA3+8mVDkZ2Bf09vayB35lSQIex2+QaQ=="
    },
    "dom7": {
      "version": "4.0.2",
      "resolved": "https://registry.npmjs.org/dom7/-/dom7-4.0.2.tgz",
      "integrity": "sha512-Ji4t3Y/vNQg6Q9bR+Syx6Td8qiq8116LE9h4OzbPuxdxK7DyyX7i8EXkYgBX6+EiX6+oYXDTH5BSN29G/n4jug==",
      "requires": {
        "ssr-window": "^4.0.0"
      }
    },
    "ssr-window": {
      "version": "4.0.2",
      "resolved": "https://registry.npmjs.org/ssr-window/-/ssr-window-4.0.2.tgz",
      "integrity": "sha512-ISv/Ch+ig7SOtw7G2+qkwfVASzazUnvlDTwypdLoPoySv+6MqlOV10VwPSE6EWkGjhW50lUmghPmpYZXMu/+AQ=="
    },
    "swiper": {
      "version": "7.3.2",
      "resolved": "https://registry.npmjs.org/swiper/-/swiper-7.3.2.tgz",
      "integrity": "sha512-0l0YaGAIV+lo/4qBcdR/UeWNub9OWXAAa4LDjaHUXkfQTInFTzz4pb6OHtlLZVgu8wTOFnvq6+1DtU4dSbg8Xw==",
      "requires": {
        "dom7": "^4.0.2",
        "ssr-window": "^4.0.2"
      }
    },
    "wow.js": {
      "version": "1.2.2",
      "resolved": "https://registry.npmjs.org/wow.js/-/wow.js-1.2.2.tgz",
      "integrity": "sha1-JHUZsKNCMZsaY+Iq6prOwanqV/U="
    }
  }
}
